{
  "requires": true,
  "lockfileVersion": 1,
  "dependencies": {
    "angular-countries": {
      "version": "1.1.5",
      "resolved": "https://registry.npmjs.org/angular-countries/-/angular-countries-1.1.5.tgz",
      "integrity": "sha1-El9//hAXS7zU5+Gxim+rm9BIk8I="
    },
    "country-state-city": {
      "version": "1.0.5",
      "resolved": "https://registry.npmjs.org/country-state-city/-/country-state-city-1.0.5.tgz",
      "integrity": "sha512-2mBXgYCwWNeQLhtESLufNK3mwK8dYdzniywma1+00RmUB1FeQqJCU6Ehufz60E5iD/uM1bnt+V9K6fZbkQAhew=="
    }
  }
}
